// !$*UTF8*$!
{
	archiveVersion = 1;
	classes = {
	};
	objectVersion = 50;
	objects = {

/* Begin PBXBuildFile section */
		2E4B7B4224C2DEA600695618 /* MatchedGeometryEffectExam3App.swift in Sources */ = {isa = PBXBuildFile; fileRef = 2E4B7B4124C2DEA600695618 /* MatchedGeometryEffectExam3App.swift */; };
		2E4B7B4424C2DEA600695618 /* ContentView.swift in Sources */ = {isa = PBXBuildFile; fileRef = 2E4B7B4324C2DEA600695618 /* ContentView.swift */; };
		2E4B7B4624C2DEA700695618 /* Assets.xcassets in Resources */ = {isa = PBXBuildFile; fileRef = 2E4B7B4524C2DEA700695618 /* Assets.xcassets */; };
		2E4B7B4924C2DEA700695618 /* Preview Assets.xcassets in Resources */ = {isa = PBXBuildFile; fileRef = 2E4B7B4824C2DEA700695618 /* Preview Assets.xcassets */; };
		2E4B7B5424C2DEA700695618 /* MatchedGeometryEffectExam3Tests.swift in Sources */ = {isa = PBXBuildFile; fileRef = 2E4B7B5324C2DEA700695618 /* MatchedGeometryEffectExam3Tests.swift */; };
		2E4B7B5F24C2DEA700695618 /* MatchedGeometryEffectExam3UITests.swift in Sources */ = {isa = PBXBuildFile; fileRef = 2E4B7B5E24C2DEA700695618 /* MatchedGeometryEffectExam3UITests.swift */; };
/* End PBXBuildFile section */

/* Begin PBXContainerItemProxy section */
		2E4B7B5024C2DEA700695618 /* PBXContainerItemProxy */ = {
			isa = PBXContainerItemProxy;
			containerPortal = 2E4B7B3624C2DEA600695618 /* Project object */;
			proxyType = 1;
			remoteGlobalIDString = 2E4B7B3D24C2DEA600695618;
			remoteInfo = MatchedGeometryEffectExam3;
		};
		2E4B7B5B24C2DEA700695618 /* PBXContainerItemProxy */ = {
			isa = PBXContainerItemProxy;
			containerPortal = 2E4B7B3624C2DEA600695618 /* Project object */;
			proxyType = 1;
			remoteGlobalIDString = 2E4B7B3D24C2DEA600695618;
			remoteInfo = MatchedGeometryEffectExam3;
		};
/* End PBXContainerItemProxy section */

/* Begin PBXFileReference section */
		2E4B7B3E24C2DEA600695618 /* MatchedGeometryEffectExam3.app */ = {isa = PBXFileReference; explicitFileType = wrapper.application; includeInIndex = 0; path = MatchedGeometryEffectExam3.app; sourceTree = BUILT_PRODUCTS_DIR; };
		2E4B7B4124C2DEA600695618 /* MatchedGeometryEffectExam3App.swift */ = {isa = PBXFileReference; lastKnownFileType = sourcecode.swift; path = MatchedGeometryEffectExam3App.swift; sourceTree = "<group>"; };
		2E4B7B4324C2DEA600695618 /* ContentView.swift */ = {isa = PBXFileReference; lastKnownFileType = sourcecode.swift; path = ContentView.swift; sourceTree = "<group>"; };
		2E4B7B4524C2DEA700695618 /* Assets.xcassets */ = {isa = PBXFileReference; lastKnownFileType = folder.assetcatalog; path = Assets.xcassets; sourceTree = "<group>"; };
		2E4B7B4824C2DEA700695618 /* Preview Assets.xcassets */ = {isa = PBXFileReference; lastKnownFileType = folder.assetcatalog; path = "Preview Assets.xcassets"; sourceTree = "<group>"; };
		2E4B7B4A24C2DEA700695618 /* Info.plist */ = {isa = PBXFileReference; lastKnownFileType = text.plist.xml; path = Info.plist; sourceTree = "<group>"; };
		2E4B7B4F24C2DEA700695618 /* MatchedGeometryEffectExam3Tests.xctest */ = {isa = PBXFileReference; explicitFileType = wrapper.cfbundle; includeInIndex = 0; path = MatchedGeometryEffectExam3Tests.xctest; sourceTree = BUILT_PRODUCTS_DIR; };
		2E4B7B5324C2DEA700695618 /* MatchedGeometryEffectExam3Tests.swift */ = {isa = PBXFileReference; lastKnownFileType = sourcecode.swift; path = MatchedGeometryEffectExam3Tests.swift; sourceTree = "<group>"; };
		2E4B7B5524C2DEA700695618 /* Info.plist */ = {isa = PBXFileReference; lastKnownFileType = text.plist.xml; path = Info.plist; sourceTree = "<group>"; };
		2E4B7B5A24C2DEA700695618 /* MatchedGeometryEffectExam3UITests.xctest */ = {isa = PBXFileReference; explicitFileType = wrapper.cfbundle; includeInIndex = 0; path = MatchedGeometryEffectExam3UITests.xctest; sourceTree = BUILT_PRODUCTS_DIR; };
		2E4B7B5E24C2DEA700695618 /* MatchedGeometryEffectExam3UITests.swift */ = {isa = PBXFileReference; lastKnownFileType = sourcecode.swift; path = MatchedGeometryEffectExam3UITests.swift; sourceTree = "<group>"; };
		2E4B7B6024C2DEA700695618 /* Info.plist */ = {isa = PBXFileReference; lastKnownFileType = text.plist.xml; path = Info.plist; sourceTree = "<group>"; };
/* End PBXFileReference section */

/* Begin PBXFrameworksBuildPhase section */
		2E4B7B3B24C2DEA600695618 /* Frameworks */ = {
			isa = PBXFrameworksBuildPhase;
			buildActionMask = 2147483647;
			files = (
			);
			runOnlyForDeploymentPostprocessing = 0;
		};
		2E4B7B4C24C2DEA700695618 /* Frameworks */ = {
			isa = PBXFrameworksBuildPhase;
			buildActionMask = 2147483647;
			files = (
			);
			runOnlyForDeploymentPostprocessing = 0;
		};
		2E4B7B5724C2DEA700695618 /* Frameworks */ = {
			isa = PBXFrameworksBuildPhase;
			buildActionMask = 2147483647;
			files = (
			);
			runOnlyForDeploymentPostprocessing = 0;
		};
/* End PBXFrameworksBuildPhase section */

/* Begin PBXGroup section */
		2E4B7B3524C2DEA600695618 = {
			isa = PBXGroup;
			children = (
				2E4B7B4024C2DEA600695618 /* MatchedGeometryEffectExam3 */,
				2E4B7B5224C2DEA700695618 /* MatchedGeometryEffectExam3Tests */,
				2E4B7B5D24C2DEA700695618 /* MatchedGeometryEffectExam3UITests */,
				2E4B7B3F24C2DEA600695618 /* Products */,
			);
			sourceTree = "<group>";
		};
		2E4B7B3F24C2DEA600695618 /* Products */ = {
			isa = PBXGroup;
			children = (
				2E4B7B3E24C2DEA600695618 /* MatchedGeometryEffectExam3.app */,
				2E4B7B4F24C2DEA700695618 /* MatchedGeometryEffectExam3Tests.xctest */,
				2E4B7B5A24C2DEA700695618 /* MatchedGeometryEffectExam3UITests.xctest */,
			);
			name = Products;
			sourceTree = "<group>";
		};
		2E4B7B4024C2DEA600695618 /* MatchedGeometryEffectExam3 */ = {
			isa = PBXGroup;
			children = (
				2E4B7B4124C2DEA600695618 /* MatchedGeometryEffectExam3App.swift */,
				2E4B7B4324C2DEA600695618 /* ContentView.swift */,
				2E4B7B4524C2DEA700695618 /* Assets.xcassets */,
				2E4B7B4A24C2DEA700695618 /* Info.plist */,
				2E4B7B4724C2DEA700695618 /* Preview Content */,
			);
			path = MatchedGeometryEffectExam3;
			sourceTree = "<group>";
		};
		2E4B7B4724C2DEA700695618 /* Preview Content */ = {
			isa = PBXGroup;
			children = (
				2E4B7B4824C2DEA700695618 /* Preview Assets.xcassets */,
			);
			path = "Preview Content";
			sourceTree = "<group>";
		};
		2E4B7B5224C2DEA700695618 /* MatchedGeometryEffectExam3Tests */ = {
			isa = PBXGroup;
			children = (
				2E4B7B5324C2DEA700695618 /* MatchedGeometryEffectExam3Tests.swift */,
				2E4B7B5524C2DEA700695618 /* Info.plist */,
			);
			path = MatchedGeometryEffectExam3Tests;
			sourceTree = "<group>";
		};
		2E4B7B5D24C2DEA700695618 /* MatchedGeometryEffectExam3UITests */ = {
			isa = PBXGroup;
			children = (
				2E4B7B5E24C2DEA700695618 /* MatchedGeometryEffectExam3UITests.swift */,
				2E4B7B6024C2DEA700695618 /* Info.plist */,
			);
			path = MatchedGeometryEffectExam3UITests;
			sourceTree = "<group>";
		};
/* End PBXGroup section */

/* Begin PBXNativeTarget section */
		2E4B7B3D24C2DEA600695618 /* MatchedGeometryEffectExam3 */ = {
			isa = PBXNativeTarget;
			buildConfigurationList = 2E4B7B6324C2DEA700695618 /* Build configuration list for PBXNativeTarget "MatchedGeometryEffectExam3" */;
			buildPhases = (
				2E4B7B3A24C2DEA600695618 /* Sources */,
				2E4B7B3B24C2DEA600695618 /* Frameworks */,
				2E4B7B3C24C2DEA600695618 /* Resources */,
			);
			buildRules = (
			);
			dependencies = (
			);
			name = MatchedGeometryEffectExam3;
			productName = MatchedGeometryEffectExam3;
			productReference = 2E4B7B3E24C2DEA600695618 /* MatchedGeometryEffectExam3.app */;
			productType = "com.apple.product-type.application";
		};
		2E4B7B4E24C2DEA700695618 /* MatchedGeometryEffectExam3Tests */ = {
			isa = PBXNativeTarget;
			buildConfigurationList = 2E4B7B6624C2DEA700695618 /* Build configuration list for PBXNativeTarget "MatchedGeometryEffectExam3Tests" */;
			buildPhases = (
				2E4B7B4B24C2DEA700695618 /* Sources */,
				2E4B7B4C24C2DEA700695618 /* Frameworks */,
				2E4B7B4D24C2DEA700695618 /* Resources */,
			);
			buildRules = (
			);
			dependencies = (
				2E4B7B5124C2DEA700695618 /* PBXTargetDependency */,
			);
			name = MatchedGeometryEffectExam3Tests;
			productName = MatchedGeometryEffectExam3Tests;
			productReference = 2E4B7B4F24C2DEA700695618 /* MatchedGeometryEffectExam3Tests.xctest */;
			productType = "com.apple.product-type.bundle.unit-test";
		};
		2E4B7B5924C2DEA700695618 /* MatchedGeometryEffectExam3UITests */ = {
			isa = PBXNativeTarget;
			buildConfigurationList = 2E4B7B6924C2DEA700695618 /* Build configuration list for PBXNativeTarget "MatchedGeometryEffectExam3UITests" */;
			buildPhases = (
				2E4B7B5624C2DEA700695618 /* Sources */,
				2E4B7B5724C2DEA700695618 /* Frameworks */,
				2E4B7B5824C2DEA700695618 /* Resources */,
			);
			buildRules = (
			);
			dependencies = (
				2E4B7B5C24C2DEA700695618 /* PBXTargetDependency */,
			);
			name = MatchedGeometryEffectExam3UITests;
			productName = MatchedGeometryEffectExam3UITests;
			productReference = 2E4B7B5A24C2DEA700695618 /* MatchedGeometryEffectExam3UITests.xctest */;
			productType = "com.apple.product-type.bundle.ui-testing";
		};
/* End PBXNativeTarget section */

/* Begin PBXProject section */
		2E4B7B3624C2DEA600695618 /* Project object */ = {
			isa = PBXProject;
			attributes = {
				LastSwiftUpdateCheck = 1200;
				LastUpgradeCheck = 1200;
				TargetAttributes = {
					2E4B7B3D24C2DEA600695618 = {
						CreatedOnToolsVersion = 12.0;
					};
					2E4B7B4E24C2DEA700695618 = {
						CreatedOnToolsVersion = 12.0;
						TestTargetID = 2E4B7B3D24C2DEA600695618;
					};
					2E4B7B5924C2DEA700695618 = {
						CreatedOnToolsVersion = 12.0;
						TestTargetID = 2E4B7B3D24C2DEA600695618;
					};
				};
			};
			buildConfigurationList = 2E4B7B3924C2DEA600695618 /* Build configuration list for PBXProject "MatchedGeometryEffectExam3" */;
			compatibilityVersion = "Xcode 9.3";
			developmentRegion = en;
			hasScannedForEncodings = 0;
			knownRegions = (
				en,
				Base,
			);
			mainGroup = 2E4B7B3524C2DEA600695618;
			productRefGroup = 2E4B7B3F24C2DEA600695618 /* Products */;
			projectDirPath = "";
			projectRoot = "";
			targets = (
				2E4B7B3D24C2DEA600695618 /* MatchedGeometryEffectExam3 */,
				2E4B7B4E24C2DEA700695618 /* MatchedGeometryEffectExam3Tests */,
				2E4B7B5924C2DEA700695618 /* MatchedGeometryEffectExam3UITests */,
			);
		};
/* End PBXProject section */

/* Begin PBXResourcesBuildPhase section */
		2E4B7B3C24C2DEA600695618 /* Resources */ = {
			isa = PBXResourcesBuildPhase;
			buildActionMask = 2147483647;
			files = (
				2E4B7B4924C2DEA700695618 /* Preview Assets.xcassets in Resources */,
				2E4B7B4624C2DEA700695618 /* Assets.xcassets in Resources */,
			);
			runOnlyForDeploymentPostprocessing = 0;
		};
		2E4B7B4D24C2DEA700695618 /* Resources */ = {
			isa = PBXResourcesBuildPhase;
			buildActionMask = 2147483647;
			files = (
			);
			runOnlyForDeploymentPostprocessing = 0;
		};
		2E4B7B5824C2DEA700695618 /* Resources */ = {
			isa = PBXResourcesBuildPhase;
			buildActionMask = 2147483647;
			files = (
			);
			runOnlyForDeploymentPostprocessing = 0;
		};
/* End PBXResourcesBuildPhase section */

/* Begin PBXSourcesBuildPhase section */
		2E4B7B3A24C2DEA600695618 /* Sources */ = {
			isa = PBXSourcesBuildPhase;
			buildActionMask = 2147483647;
			files = (
				2E4B7B4424C2DEA600695618 /* ContentView.swift in Sources */,
				2E4B7B4224C2DEA600695618 /* MatchedGeometryEffectExam3App.swift in Sources */,
			);
			runOnlyForDeploymentPostprocessing = 0;
		};
		2E4B7B4B24C2DEA700695618 /* Sources */ = {
			isa = PBXSourcesBuildPhase;
			buildActionMask = 2147483647;
			files = (
				2E4B7B5424C2DEA700695618 /* MatchedGeometryEffectExam3Tests.swift in Sources */,
			);
			runOnlyForDeploymentPostprocessing = 0;
		};
		2E4B7B5624C2DEA700695618 /* Sources */ = {
			isa = PBXSourcesBuildPhase;
			buildActionMask = 2147483647;
			files = (
				2E4B7B5F24C2DEA700695618 /* MatchedGeometryEffectExam3UITests.swift in Sources */,
			);
			runOnlyForDeploymentPostprocessing = 0;
		};
/* End PBXSourcesBuildPhase section */

/* Begin PBXTargetDependency section */
		2E4B7B5124C2DEA700695618 /* PBXTargetDependency */ = {
			isa = PBXTargetDependency;
			target = 2E4B7B3D24C2DEA600695618 /* MatchedGeometryEffectExam3 */;
			targetProxy = 2E4B7B5024C2DEA700695618 /* PBXContainerItemProxy */;
		};
		2E4B7B5C24C2DEA700695618 /* PBXTargetDependency */ = {
			isa = PBXTargetDependency;
			target = 2E4B7B3D24C2DEA600695618 /* MatchedGeometryEffectExam3 */;
			targetProxy = 2E4B7B5B24C2DEA700695618 /* PBXContainerItemProxy */;
		};
/* End PBXTargetDependency section */

/* Begin XCBuildConfiguration section */
		2E4B7B6124C2DEA700695618 /* Debug */ = {
			isa = XCBuildConfiguration;
			buildSettings = {
				ALWAYS_SEARCH_USER_PATHS = NO;
				CLANG_ANALYZER_NONNULL = YES;
				CLANG_ANALYZER_NUMBER_OBJECT_CONVERSION = YES_AGGRESSIVE;
				CLANG_CXX_LANGUAGE_STANDARD = "gnu++14";
				CLANG_CXX_LIBRARY = "libc++";
				CLANG_ENABLE_MODULES = YES;
				CLANG_ENABLE_OBJC_ARC = YES;
				CLANG_ENABLE_OBJC_WEAK = YES;
				CLANG_WARN_BLOCK_CAPTURE_AUTORELEASING = YES;
				CLANG_WARN_BOOL_CONVERSION = YES;
				CLANG_WARN_COMMA = YES;
				CLANG_WARN_CONSTANT_CONVERSION = YES;
				CLANG_WARN_DEPRECATED_OBJC_IMPLEMENTATIONS = YES;
				CLANG_WARN_DIRECT_OBJC_ISA_USAGE = YES_ERROR;
				CLANG_WARN_DOCUMENTATION_COMMENTS = YES;
				CLANG_WARN_EMPTY_BODY = YES;
				CLANG_WARN_ENUM_CONVERSION = YES;
				CLANG_WARN_INFINITE_RECURSION = YES;
				CLANG_WARN_INT_CONVERSION = YES;
				CLANG_WARN_NON_LITERAL_NULL_CONVERSION = YES;
				CLANG_WARN_OBJC_IMPLICIT_RETAIN_SELF = YES;
				CLANG_WARN_OBJC_LITERAL_CONVERSION = YES;
				CLANG_WARN_OBJC_ROOT_CLASS = YES_ERROR;
				CLANG_WARN_QUOTED_INCLUDE_IN_FRAMEWORK_HEADER = YES;
				CLANG_WARN_RANGE_LOOP_ANALYSIS = YES;
				CLANG_WARN_STRICT_PROTOTYPES = YES;
				CLANG_WARN_SUSPICIOUS_MOVE = YES;
				CLANG_WARN_UNGUARDED_AVAILABILITY = YES_AGGRESSIVE;
				CLANG_WARN_UNREACHABLE_CODE = YES;
				CLANG_WARN__DUPLICATE_METHOD_MATCH = YES;
				COPY_PHASE_STRIP = NO;
				DEBUG_INFORMATION_FORMAT = dwarf;
				ENABLE_STRICT_OBJC_MSGSEND = YES;
				ENABLE_TESTABILITY = YES;
				GCC_C_LANGUAGE_STANDARD = gnu11;
				GCC_DYNAMIC_NO_PIC = NO;
				GCC_NO_COMMON_BLOCKS = YES;
				GCC_OPTIMIZATION_LEVEL = 0;
				GCC_PREPROCESSOR_DEFINITIONS = (
					"DEBUG=1",
					"$(inherited)",
				);
				GCC_WARN_64_TO_32_BIT_CONVERSION = YES;
				GCC_WARN_ABOUT_RETURN_TYPE = YES_ERROR;
				GCC_WARN_UNDECLARED_SELECTOR = YES;
				GCC_WARN_UNINITIALIZED_AUTOS = YES_AGGRESSIVE;
				GCC_WARN_UNUSED_FUNCTION = YES;
				GCC_WARN_UNUSED_VARIABLE = YES;
				IPHONEOS_DEPLOYMENT_TARGET = 14.0;
				MTL_ENABLE_DEBUG_INFO = INCLUDE_SOURCE;
				MTL_FAST_MATH = YES;
				ONLY_ACTIVE_ARCH = YES;
				SDKROOT = iphoneos;
				SWIFT_ACTIVE_COMPILATION_CONDITIONS = DEBUG;
				SWIFT_OPTIMIZATION_LEVEL = "-Onone";
			};
			name = Debug;
		};
		2E4B7B6224C2DEA700695618 /* Release */ = {
			isa = XCBuildConfiguration;
			buildSettings = {
				ALWAYS_SEARCH_USER_PATHS = NO;
				CLANG_ANALYZER_NONNULL = YES;
				CLANG_ANALYZER_NUMBER_OBJECT_CONVERSION = YES_AGGRESSIVE;
				CLANG_CXX_LANGUAGE_STANDARD = "gnu++14";
				CLANG_CXX_LIBRARY = "libc++";
				CLANG_ENABLE_MODULES = YES;
				CLANG_ENABLE_OBJC_ARC = YES;
				CLANG_ENABLE_OBJC_WEAK = YES;
				CLANG_WARN_BLOCK_CAPTURE_AUTORELEASING = YES;
				CLANG_WARN_BOOL_CONVERSION = YES;
				CLANG_WARN_COMMA = YES;
				CLANG_WARN_CONSTANT_CONVERSION = YES;
				CLANG_WARN_DEPRECATED_OBJC_IMPLEMENTATIONS = YES;
				CLANG_WARN_DIRECT_OBJC_ISA_USAGE = YES_ERROR;
				CLANG_WARN_DOCUMENTATION_COMMENTS = YES;
				CLANG_WARN_EMPTY_BODY = YES;
				CLANG_WARN_ENUM_CONVERSION = YES;
				CLANG_WARN_INFINITE_RECURSION = YES;
				CLANG_WARN_INT_CONVERSION = YES;
				CLANG_WARN_NON_LITERAL_NULL_CONVERSION = YES;
				CLANG_WARN_OBJC_IMPLICIT_RETAIN_SELF = YES;
				CLANG_WARN_OBJC_LITERAL_CONVERSION = YES;
				CLANG_WARN_OBJC_ROOT_CLASS = YES_ERROR;
				CLANG_WARN_QUOTED_INCLUDE_IN_FRAMEWORK_HEADER = YES;
				CLANG_WARN_RANGE_LOOP_ANALYSIS = YES;
				CLANG_WARN_STRICT_PROTOTYPES = YES;
				CLANG_WARN_SUSPICIOUS_MOVE = YES;
				CLANG_WARN_UNGUARDED_AVAILABILITY = YES_AGGRESSIVE;
				CLANG_WARN_UNREACHABLE_CODE = YES;
				CLANG_WARN__DUPLICATE_METHOD_MATCH = YES;
				COPY_PHASE_STRIP = NO;
				DEBUG_INFORMATION_FORMAT = "dwarf-with-dsym";
				ENABLE_NS_ASSERTIONS = NO;
				ENABLE_STRICT_OBJC_MSGSEND = YES;
				GCC_C_LANGUAGE_STANDARD = gnu11;
				GCC_NO_COMMON_BLOCKS = YES;
				GCC_WARN_64_TO_32_BIT_CONVERSION = YES;
				GCC_WARN_ABOUT_RETURN_TYPE = YES_ERROR;
				GCC_WARN_UNDECLARED_SELECTOR = YES;
				GCC_WARN_UNINITIALIZED_AUTOS = YES_AGGRESSIVE;
				GCC_WARN_UNUSED_FUNCTION = YES;
				GCC_WARN_UNUSED_VARIABLE = YES;
				IPHONEOS_DEPLOYMENT_TARGET = 14.0;
				MTL_ENABLE_DEBUG_INFO = NO;
				MTL_FAST_MATH = YES;
				SDKROOT = iphoneos;
				SWIFT_COMPILATION_MODE = wholemodule;
				SWIFT_OPTIMIZATION_LEVEL = "-O";
				VALIDATE_PRODUCT = YES;
			};
			name = Release;
		};
		2E4B7B6424C2DEA700695618 /* Debug */ = {
			isa = XCBuildConfiguration;
			buildSettings = {
				ASSETCATALOG_COMPILER_APPICON_NAME = AppIcon;
				ASSETCATALOG_COMPILER_GLOBAL_ACCENT_COLOR_NAME = AccentColor;
				CODE_SIGN_STYLE = Automatic;
				DEVELOPMENT_ASSET_PATHS = "\"MatchedGeometryEffectExam3/Preview Content\"";
				DEVELOPMENT_TEAM = ZPKHN9888S;
				ENABLE_PREVIEWS = YES;
				INFOPLIST_FILE = MatchedGeometryEffectExam3/Info.plist;
				IPHONEOS_DEPLOYMENT_TARGET = 14.0;
				LD_RUNPATH_SEARCH_PATHS = (
					"$(inherited)",
					"@executable_path/Frameworks",
				);
				PRODUCT_BUNDLE_IDENTIFIER = com.ergene.MatchedGeometryEffectExam1.MatchedGeometryEffectExam3;
				PRODUCT_NAME = "$(TARGET_NAME)";
				SWIFT_VERSION = 5.0;
				TARGETED_DEVICE_FAMILY = "1,2";
			};
			name = Debug;
		};
		2E4B7B6524C2DEA700695618 /* Release */ = {
			isa = XCBuildConfiguration;
			buildSettings = {
				ASSETCATALOG_COMPILER_APPICON_NAME = AppIcon;
				ASSETCATALOG_COMPILER_GLOBAL_ACCENT_COLOR_NAME = AccentColor;
				CODE_SIGN_STYLE = Automatic;
				DEVELOPMENT_ASSET_PATHS = "\"MatchedGeometryEffectExam3/Preview Content\"";
				DEVELOPMENT_TEAM = ZPKHN9888S;
				ENABLE_PREVIEWS = YES;
				INFOPLIST_FILE = MatchedGeometryEffectExam3/Info.plist;
				IPHONEOS_DEPLOYMENT_TARGET = 14.0;
				LD_RUNPATH_SEARCH_PATHS = (
					"$(inherited)",
					"@executable_path/Frameworks",
				);
				PRODUCT_BUNDLE_IDENTIFIER = com.ergene.MatchedGeometryEffectExam1.MatchedGeometryEffectExam3;
				PRODUCT_NAME = "$(TARGET_NAME)";
				SWIFT_VERSION = 5.0;
				TARGETED_DEVICE_FAMILY = "1,2";
			};
			name = Release;
		};
		2E4B7B6724C2DEA700695618 /* Debug */ = {
			isa = XCBuildConfiguration;
			buildSettings = {
				ALWAYS_EMBED_SWIFT_STANDARD_LIBRARIES = YES;
				BUNDLE_LOADER = "$(TEST_HOST)";
				CODE_SIGN_STYLE = Automatic;
				DEVELOPMENT_TEAM = ZPKHN9888S;
				INFOPLIST_FILE = MatchedGeometryEffectExam3Tests/Info.plist;
				IPHONEOS_DEPLOYMENT_TARGET = 14.0;
				LD_RUNPATH_SEARCH_PATHS = (
					"$(inherited)",
					"@executable_path/Frameworks",
					"@loader_path/Frameworks",
				);
				PRODUCT_BUNDLE_IDENTIFIER = com.ergene.MatchedGeometryEffectExam1.MatchedGeometryEffectExam3Tests;
				PRODUCT_NAME = "$(TARGET_NAME)";
				SWIFT_VERSION = 5.0;
				TARGETED_DEVICE_FAMILY = "1,2";
				TEST_HOST = "$(BUILT_PRODUCTS_DIR)/MatchedGeometryEffectExam3.app/MatchedGeometryEffectExam3";
			};
			name = Debug;
		};
		2E4B7B6824C2DEA700695618 /* Release */ = {
			isa = XCBuildConfiguration;
			buildSettings = {
				ALWAYS_EMBED_SWIFT_STANDARD_LIBRARIES = YES;
				BUNDLE_LOADER = "$(TEST_HOST)";
				CODE_SIGN_STYLE = Automatic;
				DEVELOPMENT_TEAM = ZPKHN9888S;
				INFOPLIST_FILE = MatchedGeometryEffectExam3Tests/Info.plist;
				IPHONEOS_DEPLOYMENT_TARGET = 14.0;
				LD_RUNPATH_SEARCH_PATHS = (
					"$(inherited)",
					"@executable_path/Frameworks",
					"@loader_path/Frameworks",
				);
				PRODUCT_BUNDLE_IDENTIFIER = com.ergene.MatchedGeometryEffectExam1.MatchedGeometryEffectExam3Tests;
				PRODUCT_NAME = "$(TARGET_NAME)";
				SWIFT_VERSION = 5.0;
				TARGETED_DEVICE_FAMILY = "1,2";
				TEST_HOST = "$(BUILT_PRODUCTS_DIR)/MatchedGeometryEffectExam3.app/MatchedGeometryEffectExam3";
			};
			name = Release;
		};
		2E4B7B6A24C2DEA700695618 /* Debug */ = {
			isa = XCBuildConfiguration;
			buildSettings = {
				ALWAYS_EMBED_SWIFT_STANDARD_LIBRARIES = YES;
				CODE_SIGN_STYLE = Automatic;
				DEVELOPMENT_TEAM = ZPKHN9888S;
				INFOPLIST_FILE = MatchedGeometryEffectExam3UITests/Info.plist;
				LD_RUNPATH_SEARCH_PATHS = (
					"$(inherited)",
					"@executable_path/Frameworks",
					"@loader_path/Frameworks",
				);
				PRODUCT_BUNDLE_IDENTIFIER = com.ergene.MatchedGeometryEffectExam1.MatchedGeometryEffectExam3UITests;
				PRODUCT_NAME = "$(TARGET_NAME)";
				SWIFT_VERSION = 5.0;
				TARGETED_DEVICE_FAMILY = "1,2";
				TEST_TARGET_NAME = MatchedGeometryEffectExam3;
			};
			name = Debug;
		};
		2E4B7B6B24C2DEA700695618 /* Release */ = {
			isa = XCBuildConfiguration;
			buildSettings = {
				ALWAYS_EMBED_SWIFT_STANDARD_LIBRARIES = YES;
				CODE_SIGN_STYLE = Automatic;
				DEVELOPMENT_TEAM = ZPKHN9888S;
				INFOPLIST_FILE = MatchedGeometryEffectExam3UITests/Info.plist;
				LD_RUNPATH_SEARCH_PATHS = (
					"$(inherited)",
					"@executable_path/Frameworks",
					"@loader_path/Frameworks",
				);
				PRODUCT_BUNDLE_IDENTIFIER = com.ergene.MatchedGeometryEffectExam1.MatchedGeometryEffectExam3UITests;
				PRODUCT_NAME = "$(TARGET_NAME)";
				SWIFT_VERSION = 5.0;
				TARGETED_DEVICE_FAMILY = "1,2";
				TEST_TARGET_NAME = MatchedGeometryEffectExam3;
			};
			name = Release;
		};
/* End XCBuildConfiguration section */

/* Begin XCConfigurationList section */
		2E4B7B3924C2DEA600695618 /* Build configuration list for PBXProject "MatchedGeometryEffectExam3" */ = {
			isa = XCConfigurationList;
			buildConfigurations = (
				2E4B7B6124C2DEA700695618 /* Debug */,
				2E4B7B6224C2DEA700695618 /* Release */,
			);
			defaultConfigurationIsVisible = 0;
			defaultConfigurationName = Release;
		};
		2E4B7B6324C2DEA700695618 /* Build configuration list for PBXNativeTarget "MatchedGeometryEffectExam3" */ = {
			isa = XCConfigurationList;
			buildConfigurations = (
				2E4B7B6424C2DEA700695618 /* Debug */,
				2E4B7B6524C2DEA700695618 /* Release */,
			);
			defaultConfigurationIsVisible = 0;
			defaultConfigurationName = Release;
		};
		2E4B7B6624C2DEA700695618 /* Build configuration list for PBXNativeTarget "MatchedGeometryEffectExam3Tests" */ = {
			isa = XCConfigurationList;
			buildConfigurations = (
				2E4B7B6724C2DEA700695618 /* Debug */,
				2E4B7B6824C2DEA700695618 /* Release */,
			);
			defaultConfigurationIsVisible = 0;
			defaultConfigurationName = Release;
		};
		2E4B7B6924C2DEA700695618 /* Build configuration list for PBXNativeTarget "MatchedGeometryEffectExam3UITests" */ = {
			isa = XCConfigurationList;
			buildConfigurations = (
				2E4B7B6A24C2DEA700695618 /* Debug */,
				2E4B7B6B24C2DEA700695618 /* Release */,
			);
			defaultConfigurationIsVisible = 0;
			defaultConfigurationName = Release;
		};
/* End XCConfigurationList section */
	};
	rootObject = 2E4B7B3624C2DEA600695618 /* Project object */;
}
